{
  "requires": true,
  "lockfileVersion": 1,
  "dependencies": {
    "win-node-env": {
      "version": "0.4.0",
      "resolved": "https://registry.npm.taobao.org/win-node-env/download/win-node-env-0.4.0.tgz",
      "integrity": "sha1-LZ3JkXApIMc+qh1kRlW3c4htpcs=",
      "optional": true
    }
  }
}
